# THIS IS AN AUTOGENERATED FILE. DO NOT EDIT THIS FILE DIRECTLY.
# yarn lockfile v1


bulma@^0.7.1:
  version "0.7.1"
  resolved "https://registry.yarnpkg.com/bulma/-/bulma-0.7.1.tgz#73c2e3b2930c90cc272029cbd19918b493fca486"

tiny-slider@^2.9.2:
  version "2.9.2"
  resolved "https://registry.yarnpkg.com/tiny-slider/-/tiny-slider-2.9.2.tgz#dcd70ac79054a4d170bc2cfde3efbdaa2cc0c75f"
  integrity sha512-2sgEJpVbpIbbgiYM/xGa0HMvvtUZSJvXeZJmLWBux6VgFqh/MQG8LXBR59ZLYpa/1OtwM0E6/ic55oLOJN9Mnw==
